
Microsoft Visual Studio Solution File, Format Version 12.00
# Visual Studio 15
VisualStudioVersion = 15.0.28307.168
MinimumVisualStudioVersion = 10.0.40219.1
Project("{FAE04EC0-301F-11D3-BF4B-00C04F79EFBC}") = "BookStore", "BookStore\BookStore.csproj", "{8A1C4408-BE2F-43AB-B97A-FC87DDB1DEA4}"
	ProjectSection(ProjectDependencies) = postProject
		{87192035-8E50-4AB5-88FE-A4116F56D779} = {87192035-8E50-4AB5-88FE-A4116F56D779}
	EndProjectSection
EndProject
Project("{FAE04EC0-301F-11D3-BF4B-00C04F79EFBC}") = "BLL", "BLL\BLL.csproj", "{87192035-8E50-4AB5-88FE-A4116F56D779}"
	ProjectSection(ProjectDependencies) = postProject
		{D05188D6-4588-4E8B-9C40-82A9A0997250} = {D05188D6-4588-4E8B-9C40-82A9A0997250}
	EndProjectSection
EndProject
Project("{FAE04EC0-301F-11D3-BF4B-00C04F79EFBC}") = "DAL", "DAL\DAL.csproj", "{D05188D6-4588-4E8B-9C40-82A9A0997250}"
EndProject
Global
	GlobalSection(SolutionConfigurationPlatforms) = preSolution
		Debug|Any CPU = Debug|Any CPU
		Release|Any CPU = Release|Any CPU
	EndGlobalSection
	GlobalSection(ProjectConfigurationPlatforms) = postSolution
		{8A1C4408-BE2F-43AB-B97A-FC87DDB1DEA4}.Debug|Any CPU.ActiveCfg = Debug|Any CPU
		{8A1C4408-BE2F-43AB-B97A-FC87DDB1DEA4}.Debug|Any CPU.Build.0 = Debug|Any CPU
		{8A1C4408-BE2F-43AB-B97A-FC87DDB1DEA4}.Release|Any CPU.ActiveCfg = Release|Any CPU
		{8A1C4408-BE2F-43AB-B97A-FC87DDB1DEA4}.Release|Any CPU.Build.0 = Release|Any CPU
		{87192035-8E50-4AB5-88FE-A4116F56D779}.Debug|Any CPU.ActiveCfg = Debug|Any CPU
		{87192035-8E50-4AB5-88FE-A4116F56D779}.Debug|Any CPU.Build.0 = Debug|Any CPU
		{87192035-8E50-4AB5-88FE-A4116F56D779}.Release|Any CPU.ActiveCfg = Release|Any CPU
		{87192035-8E50-4AB5-88FE-A4116F56D779}.Release|Any CPU.Build.0 = Release|Any CPU
		{D05188D6-4588-4E8B-9C40-82A9A0997250}.Debug|Any CPU.ActiveCfg = Debug|Any CPU
		{D05188D6-4588-4E8B-9C40-82A9A0997250}.Debug|Any CPU.Build.0 = Debug|Any CPU
		{D05188D6-4588-4E8B-9C40-82A9A0997250}.Release|Any CPU.ActiveCfg = Release|Any CPU
		{D05188D6-4588-4E8B-9C40-82A9A0997250}.Release|Any CPU.Build.0 = Release|Any CPU
	EndGlobalSection
	GlobalSection(SolutionProperties) = preSolution
		HideSolutionNode = FALSE
	EndGlobalSection
	GlobalSection(ExtensibilityGlobals) = postSolution
		SolutionGuid = {92801BE9-352B-479C-9E37-BD7886F33818}
	EndGlobalSection
EndGlobal
